<?xml version="1.0" encoding="utf-8"?>
<Project ToolsVersion="4.0" xmlns="http://schemas.microsoft.com/developer/msbuild/2003">
  <ItemGroup>
    <Filter Include="Source Files">
      <UniqueIdentifier>{4FC737F1-C7A5-4376-A066-2A32D752A2FF}</UniqueIdentifier>
      <Extensions>cpp;c;cc;cxx;def;odl;idl;hpj;bat;asm;asmx</Extensions>
    </Filter>
    <Filter Include="Header Files">
      <UniqueIdentifier>{93995380-89BD-4b04-88EB-625FBE52EBFB}</UniqueIdentifier>
      <Extensions>h;hh;hpp;hxx;hm;inl;inc;xsd</Extensions>
    </Filter>
    <Filter Include="Resource Files">
      <UniqueIdentifier>{67DA6AB6-F800-4c08-8B7A-83BB121AAD01}</UniqueIdentifier>
      <Extensions>rc;ico;cur;bmp;dlg;rc2;rct;bin;rgs;gif;jpg;jpeg;jpe;resx;tiff;tif;png;wav;mfcribbon-ms</Extensions>
    </Filter>
    <Filter Include="Header Files\CommandHandlers">
      <UniqueIdentifier>{0f51ff6d-4f20-4083-819f-fc82bf203688}</UniqueIdentifier>
    </Filter>
    <Filter Include="Source Files\CommandHandlers">
      <UniqueIdentifier>{116e7f36-ca32-4d49-9f14-c2cadc47a1be}</UniqueIdentifier>
    </Filter>
    <Filter Include="Header Files\Sensors">
      <UniqueIdentifier>{b2560382-112e-4051-8e71-7cbe1f03a4f2}</UniqueIdentifier>
    </Filter>
    <Filter Include="Source Files\SharedCode">
      <UniqueIdentifier>{161e671c-dae2-4c3b-9b3d-810d308ef21f}</UniqueIdentifier>
    </Filter>
    <Filter Include="Header Files\SharedCode">
      <UniqueIdentifier>{2c5c1b61-1f57-461e-9bb6-4da6def3c316}</UniqueIdentifier>
    </Filter>
    <Filter Include="Header Files\SharedCode\CommandHandlers">
      <UniqueIdentifier>{c1b264e0-e00a-461f-bdac-3792ee219b47}</UniqueIdentifier>
    </Filter>
    <Filter Include="Source Files\SharedCode\CommandHandlers">
      <UniqueIdentifier>{83156138-a987-43b1-a64d-b3cb5c3ce530}</UniqueIdentifier>
    </Filter>
    <Filter Include="Header Files\Bluetooth">
      <UniqueIdentifier>{5acd69d0-acce-44d6-a78e-47664e8e5636}</UniqueIdentifier>
    </Filter>
    <Filter Include="Source Files\Bluetooth">
      <UniqueIdentifier>{be3c0dfc-ca08-4b9c-96eb-f395e93dc72e}</UniqueIdentifier>
    </Filter>
  </ItemGroup>
  <ItemGroup>
    <ClCompile Include="SmartFuseBox.ino" />
    <ClCompile Include="RelayCommandHandler.h">
      <Filter>Header Files\CommandHandlers</Filter>
    </ClCompile>
    <ClCompile Include="RelayCommandHandler.cpp">
      <Filter>Source Files\CommandHandlers</Filter>
    </ClCompile>
    <ClCompile Include="SoundCommandHandler.cpp">
      <Filter>Source Files\CommandHandlers</Filter>
    </ClCompile>
    <ClCompile Include="SoundManager.cpp">
      <Filter>Source Files</Filter>
    </ClCompile>
    <ClCompile Include="ConfigCommandHandler.cpp">
      <Filter>Source Files\CommandHandlers</Filter>
    </ClCompile>
    <ClCompile Include="AckCommandHandler.cpp">
      <Filter>Source Files\SharedCode\CommandHandlers</Filter>
    </ClCompile>
    <ClCompile Include="SystemCommandHandler.cpp">
      <Filter>Source Files\SharedCode</Filter>
    </ClCompile>
    <ClCompile Include="ConfigManager.cpp">
      <Filter>Source Files\SharedCode</Filter>
    </ClCompile>
    <ClCompile Include="BroadcastManager.cpp">
      <Filter>Source Files\SharedCode</Filter>
    </ClCompile>
    <ClCompile Include="ConfigManager.cpp">
      <Filter>Source Files</Filter>
    </ClCompile>
    <ClCompile Include="SystemCommandHandler.cpp">
      <Filter>Source Files</Filter>
    </ClCompile>
    <ClCompile Include="SystemCommandHandler.cpp">
      <Filter>Source Files</Filter>
    </ClCompile>
    <ClCompile Include="SensorCommandHandler.cpp">
      <Filter>Source Files\SharedCode\CommandHandlers</Filter>
    </ClCompile>
    <ClCompile Include="WarningManager.cpp">
      <Filter>Source Files\SharedCode</Filter>
    </ClCompile>
    <ClCompile Include="SharedFunctions.cpp">
      <Filter>Source Files\SharedCode</Filter>
    </ClCompile>
    <ClCompile Include="SystemCommandHandler.cpp">
      <Filter>Source Files\SharedCode\CommandHandlers</Filter>
    </ClCompile>
    <ClCompile Include="WarningCommandHandler.cpp">
      <Filter>Source Files\SharedCode\CommandHandlers</Filter>
    </ClCompile>
    <ClCompile Include="SystemCpuMonitor.cpp">
      <Filter>Source Files\SharedCode</Filter>
    </ClCompile>
    <ClCompile Include="BluetoothManager.cpp">
      <Filter>Source Files\Bluetooth</Filter>
    </ClCompile>
    <ClCompile Include="BluetoothSystemService.cpp">
      <Filter>Source Files\Bluetooth</Filter>
    </ClCompile>
    <ClCompile Include="BluetoothSensorService.cpp">
      <Filter>Source Files\Bluetooth</Filter>
    </ClCompile>
    <ClCompile Include="BluetoothRelayService.cpp">
      <Filter>Source Files\Bluetooth</Filter>
    </ClCompile>
  </ItemGroup>
  <ItemGroup>
    <ClInclude Include="__vm\.SmartFuseBox.vsarduino.h">
      <Filter>Header Files</Filter>
    </ClInclude>
    <ClInclude Include="SoundCommandHandler.h">
      <Filter>Header Files\CommandHandlers</Filter>
    </ClInclude>
    <ClInclude Include="SoundManager.h">
      <Filter>Header Files</Filter>
    </ClInclude>
    <ClInclude Include="WaterSensorHandler.h">
      <Filter>Header Files\Sensors</Filter>
    </ClInclude>
    <ClInclude Include="Dht11SensorHandler.h">
      <Filter>Header Files\Sensors</Filter>
    </ClInclude>
    <ClInclude Include="Local.h">
      <Filter>Header Files</Filter>
    </ClInclude>
    <ClInclude Include="Config.h">
      <Filter>Header Files\SharedCode</Filter>
    </ClInclude>
    <ClInclude Include="AckCommandHandler.h">
      <Filter>Header Files\SharedCode\CommandHandlers</Filter>
    </ClInclude>
    <ClInclude Include="BroadcastManager.h">
      <Filter>Header Files\SharedCode</Filter>
    </ClInclude>
    <ClInclude Include="SharedBaseCommandHandler.h">
      <Filter>Header Files\SharedCode\CommandHandlers</Filter>
    </ClInclude>
    <ClInclude Include="SharedConstants.h">
      <Filter>Header Files\SharedCode</Filter>
    </ClInclude>
    <ClInclude Include="WarningType.h">
      <Filter>Header Files\SharedCode</Filter>
    </ClInclude>
    <ClInclude Include="WarningManager.h">
      <Filter>Header Files</Filter>
    </ClInclude>
    <ClInclude Include="ConfigCommandHandler.h">
      <Filter>Header Files\SharedCode\CommandHandlers</Filter>
    </ClInclude>
    <ClInclude Include="SensorCommandHandler.h">
      <Filter>Header Files\SharedCode\CommandHandlers</Filter>
    </ClInclude>
    <ClInclude Include="SharedFunctions.h">
      <Filter>Header Files</Filter>
    </ClInclude>
    <ClInclude Include="WarningCommandHandler.h">
      <Filter>Header Files</Filter>
    </ClInclude>
    <ClInclude Include="SystemCpuMonitor.h">
      <Filter>Header Files\SharedCode</Filter>
    </ClInclude>
    <ClInclude Include="SystemCommandHandler.h">
      <Filter>Header Files</Filter>
    </ClInclude>
    <ClInclude Include="BluetoothSystemService.h">
      <Filter>Header Files\Bluetooth</Filter>
    </ClInclude>
    <ClInclude Include="BluetoothManager.h">
      <Filter>Header Files\Bluetooth</Filter>
    </ClInclude>
    <ClInclude Include="BluetoothServiceBase.h">
      <Filter>Header Files\Bluetooth</Filter>
    </ClInclude>
    <ClInclude Include="BluetoothSensorService.h">
      <Filter>Header Files\Bluetooth</Filter>
    </ClInclude>
    <ClInclude Include="ConfigManager.h">
      <Filter>Header Files\SharedCode</Filter>
    </ClInclude>
    <ClInclude Include="BluetoothController.h">
      <Filter>Header Files\Bluetooth</Filter>
    </ClInclude>
    <ClInclude Include="BluetoothRelayService.h">
      <Filter>Header Files\Bluetooth</Filter>
    </ClInclude>
    <ClInclude Include="LoggingSupport.h">
      <Filter>Header Files\SharedCode</Filter>
    </ClInclude>
    <ClInclude Include="Queue.h">
      <Filter>Header Files\SharedCode</Filter>
    </ClInclude>
  </ItemGroup>
</Project>